{
  "name": "frontend_uni-app",
  "lockfileVersion": 2,
  "requires": true,
  "packages": {
    "": {
      "dependencies": {
        "@dcloudio/uni-app": "^3.0.0-alpha-3000020210521001",
        "firstui-uni": "^1.6.1",
        "pinia": "^2.0.22",
        "scss": "^0.2.4"
      }
    },
    "node_modules/@dcloudio/uni-app": {
      "version": "3.0.0-alpha-3000020210521001",
      "resolved": "https://registry.npmmirror.com/@dcloudio/uni-app/-/uni-app-3.0.0-alpha-3000020210521001.tgz",
      "integrity": "sha512-Knjp8TbOtJgwE/THx32YuidATTIZzmGktYUAzvACl497It6crOWpcyTp9j58Kw5n3HzMl7iB0FSuFtleRyL4hw=="
    },
    "node_modules/@vue/devtools-api": {
      "version": "6.2.1",
      "resolved": "https://registry.npmmirror.com/@vue/devtools-api/-/devtools-api-6.2.1.tgz",
      "integrity": "sha512-OEgAMeQXvCoJ+1x8WyQuVZzFo0wcyCmUR3baRVLmKBo1LmYZWMlRiXlux5jd0fqVJu6PfDbOrZItVqUEzLobeQ=="
    },
    "node_modules/firstui-uni": {
      "version": "1.6.1",
      "resolved": "https://registry.npmmirror.com/firstui-uni/-/firstui-uni-1.6.1.tgz",
      "integrity": "sha512-2tWqTHhArRS6bfpFGiM5wshYsGThF1/Q7WXEv1nDpEO316yLO6yeoinMg/HUMiuFjWwvVbZJNw8ixTTgR3ZddQ=="
    },
    "node_modules/ometa": {
      "version": "0.2.2",
      "resolved": "https://registry.npmmirror.com/ometa/-/ometa-0.2.2.tgz",
      "integrity": "sha512-LZuoK/yjU3FvrxPjUXUlZ1bavCfBPqauA7fsNdwi+AVhRdyk2IzgP3JRnevvjzQ6fKHdUw8YISshf53FmpHrng==",
      "engines": {
        "node": ">= 0.2.0"
      }
    },
    "node_modules/pinia": {
      "version": "2.0.22",
      "resolved": "https://registry.npmmirror.com/pinia/-/pinia-2.0.22.tgz",
      "integrity": "sha512-u+b8/BC+tmvo3ACbYO2w5NfxHWFOjvvw9DQnyT0dW8aUMCPRQT5QnfZ5R5W2MzZBMTeZRMQI7V/QFbafmM9QHw==",
      "dependencies": {
        "@vue/devtools-api": "^6.2.1",
        "vue-demi": "*"
      },
      "peerDependencies": {
        "@vue/composition-api": "^1.4.0",
        "typescript": ">=4.4.4",
        "vue": "^2.6.14 || ^3.2.0"
      },
      "peerDependenciesMeta": {
        "@vue/composition-api": {
          "optional": true
        },
        "typescript": {
          "optional": true
        }
      }
    },
    "node_modules/scss": {
      "version": "0.2.4",
      "resolved": "https://registry.npmmirror.com/scss/-/scss-0.2.4.tgz",
      "integrity": "sha512-4u8V87F+Q/upVhUmhPnB4C1R11xojkRkWjExL2v0CX2EXTg18VrKd+9JWoeyCp2VEMdSpJsyAvVU+rVjogh51A==",
      "dependencies": {
        "ometa": "0.2.2"
      },
      "engines": {
        "node": ">= 0.2.0"
      }
    },
    "node_modules/vue": {
      "version": "2.6.14",
      "resolved": "https://registry.npmmirror.com/vue/-/vue-2.6.14.tgz",
      "integrity": "sha512-x2284lgYvjOMj3Za7kqzRcUSxBboHqtgRE2zlos1qWaOye5yUmHn42LB1250NJBLRwEcdrB0JRwyPTEPhfQjiQ==",
      "peer": true
    },
    "node_modules/vue-demi": {
      "version": "0.13.11",
      "resolved": "https://registry.npmmirror.com/vue-demi/-/vue-demi-0.13.11.tgz",
      "integrity": "sha512-IR8HoEEGM65YY3ZJYAjMlKygDQn25D5ajNFNoKh9RSDMQtlzCxtfQjdQgv9jjK+m3377SsJXY8ysq8kLCZL25A==",
      "hasInstallScript": true,
      "bin": {
        "vue-demi-fix": "bin/vue-demi-fix.js",
        "vue-demi-switch": "bin/vue-demi-switch.js"
      },
      "engines": {
        "node": ">=12"
      },
      "peerDependencies": {
        "@vue/composition-api": "^1.0.0-rc.1",
        "vue": "^3.0.0-0 || ^2.6.0"
      },
      "peerDependenciesMeta": {
        "@vue/composition-api": {
          "optional": true
        }
      }
    }
  },
  "dependencies": {
    "@dcloudio/uni-app": {
      "version": "3.0.0-alpha-3000020210521001",
      "resolved": "https://registry.npmmirror.com/@dcloudio/uni-app/-/uni-app-3.0.0-alpha-3000020210521001.tgz",
      "integrity": "sha512-Knjp8TbOtJgwE/THx32YuidATTIZzmGktYUAzvACl497It6crOWpcyTp9j58Kw5n3HzMl7iB0FSuFtleRyL4hw=="
    },
    "@vue/devtools-api": {
      "version": "6.2.1",
      "resolved": "https://registry.npmmirror.com/@vue/devtools-api/-/devtools-api-6.2.1.tgz",
      "integrity": "sha512-OEgAMeQXvCoJ+1x8WyQuVZzFo0wcyCmUR3baRVLmKBo1LmYZWMlRiXlux5jd0fqVJu6PfDbOrZItVqUEzLobeQ=="
    },
    "firstui-uni": {
      "version": "1.6.1",
      "resolved": "https://registry.npmmirror.com/firstui-uni/-/firstui-uni-1.6.1.tgz",
      "integrity": "sha512-2tWqTHhArRS6bfpFGiM5wshYsGThF1/Q7WXEv1nDpEO316yLO6yeoinMg/HUMiuFjWwvVbZJNw8ixTTgR3ZddQ=="
    },
    "ometa": {
      "version": "0.2.2",
      "resolved": "https://registry.npmmirror.com/ometa/-/ometa-0.2.2.tgz",
      "integrity": "sha512-LZuoK/yjU3FvrxPjUXUlZ1bavCfBPqauA7fsNdwi+AVhRdyk2IzgP3JRnevvjzQ6fKHdUw8YISshf53FmpHrng=="
    },
    "pinia": {
      "version": "2.0.22",
      "resolved": "https://registry.npmmirror.com/pinia/-/pinia-2.0.22.tgz",
      "integrity": "sha512-u+b8/BC+tmvo3ACbYO2w5NfxHWFOjvvw9DQnyT0dW8aUMCPRQT5QnfZ5R5W2MzZBMTeZRMQI7V/QFbafmM9QHw==",
      "requires": {
        "@vue/devtools-api": "^6.2.1",
        "vue-demi": "*"
      }
    },
    "scss": {
      "version": "0.2.4",
      "resolved": "https://registry.npmmirror.com/scss/-/scss-0.2.4.tgz",
      "integrity": "sha512-4u8V87F+Q/upVhUmhPnB4C1R11xojkRkWjExL2v0CX2EXTg18VrKd+9JWoeyCp2VEMdSpJsyAvVU+rVjogh51A==",
      "requires": {
        "ometa": "0.2.2"
      }
    },
    "vue": {
      "version": "2.6.14",
      "resolved": "https://registry.npmmirror.com/vue/-/vue-2.6.14.tgz",
      "integrity": "sha512-x2284lgYvjOMj3Za7kqzRcUSxBboHqtgRE2zlos1qWaOye5yUmHn42LB1250NJBLRwEcdrB0JRwyPTEPhfQjiQ==",
      "peer": true
    },
    "vue-demi": {
      "version": "0.13.11",
      "resolved": "https://registry.npmmirror.com/vue-demi/-/vue-demi-0.13.11.tgz",
      "integrity": "sha512-IR8HoEEGM65YY3ZJYAjMlKygDQn25D5ajNFNoKh9RSDMQtlzCxtfQjdQgv9jjK+m3377SsJXY8ysq8kLCZL25A==",
      "requires": {}
    }
  }
}
